
Microsoft Visual Studio Solution File, Format Version 12.00
Project("{FAE04EC0-301F-11D3-BF4B-00C04F79EFBC}") = "Yumi.Api", "Yumi.Api\Yumi.Api.csproj", "{7547DA53-8328-4A6B-A574-BEE0998AA6AA}"
EndProject
Global
	GlobalSection(SolutionConfigurationPlatforms) = preSolution
		Debug|Any CPU = Debug|Any CPU
		Release|Any CPU = Release|Any CPU
	EndGlobalSection
	GlobalSection(ProjectConfigurationPlatforms) = postSolution
		{7547DA53-8328-4A6B-A574-BEE0998AA6AA}.Debug|Any CPU.ActiveCfg = Debug|Any CPU
		{7547DA53-8328-4A6B-A574-BEE0998AA6AA}.Debug|Any CPU.Build.0 = Debug|Any CPU
		{7547DA53-8328-4A6B-A574-BEE0998AA6AA}.Release|Any CPU.ActiveCfg = Release|Any CPU
		{7547DA53-8328-4A6B-A574-BEE0998AA6AA}.Release|Any CPU.Build.0 = Release|Any CPU
	EndGlobalSection
EndGlobal
